// !$*UTF8*$!
{
	archiveVersion = 1;
	classes = {
	};
	objectVersion = 48;
	objects = {

/* Begin PBXBuildFile section */
		8E048EBA1F6B5ABB00EF9613 /* AppDelegate.swift in Sources */ = {isa = PBXBuildFile; fileRef = 8E048EB91F6B5ABB00EF9613 /* AppDelegate.swift */; };
		8E048EBC1F6B5ABB00EF9613 /* ViewController.swift in Sources */ = {isa = PBXBuildFile; fileRef = 8E048EBB1F6B5ABB00EF9613 /* ViewController.swift */; };
		8E048EBF1F6B5ABB00EF9613 /* Main.storyboard in Resources */ = {isa = PBXBuildFile; fileRef = 8E048EBD1F6B5ABB00EF9613 /* Main.storyboard */; };
		8E048EC11F6B5ABB00EF9613 /* Assets.xcassets in Resources */ = {isa = PBXBuildFile; fileRef = 8E048EC01F6B5ABB00EF9613 /* Assets.xcassets */; };
		8E048EC41F6B5ABB00EF9613 /* LaunchScreen.storyboard in Resources */ = {isa = PBXBuildFile; fileRef = 8E048EC21F6B5ABB00EF9613 /* LaunchScreen.storyboard */; };
/* End PBXBuildFile section */

/* Begin PBXFileReference section */
		8E048EB61F6B5ABB00EF9613 /* avenue.app */ = {isa = PBXFileReference; explicitFileType = wrapper.application; includeInIndex = 0; path = avenue.app; sourceTree = BUILT_PRODUCTS_DIR; };
		8E048EB91F6B5ABB00EF9613 /* AppDelegate.swift */ = {isa = PBXFileReference; lastKnownFileType = sourcecode.swift; path = AppDelegate.swift; sourceTree = "<group>"; };
		8E048EBB1F6B5ABB00EF9613 /* ViewController.swift */ = {isa = PBXFileReference; lastKnownFileType = sourcecode.swift; path = ViewController.swift; sourceTree = "<group>"; };
		8E048EBE1F6B5ABB00EF9613 /* Base */ = {isa = PBXFileReference; lastKnownFileType = file.storyboard; name = Base; path = Base.lproj/Main.storyboard; sourceTree = "<group>"; };
		8E048EC01F6B5ABB00EF9613 /* Assets.xcassets */ = {isa = PBXFileReference; lastKnownFileType = folder.assetcatalog; path = Assets.xcassets; sourceTree = "<group>"; };
		8E048EC31F6B5ABB00EF9613 /* Base */ = {isa = PBXFileReference; lastKnownFileType = file.storyboard; name = Base; path = Base.lproj/LaunchScreen.storyboard; sourceTree = "<group>"; };
		8E048EC51F6B5ABB00EF9613 /* Info.plist */ = {isa = PBXFileReference; lastKnownFileType = text.plist.xml; path = Info.plist; sourceTree = "<group>"; };
/* End PBXFileReference section */

/* Begin PBXFrameworksBuildPhase section */
		8E048EB31F6B5ABB00EF9613 /* Frameworks */ = {
			isa = PBXFrameworksBuildPhase;
			buildActionMask = 2147483647;
			files = (
			);
			runOnlyForDeploymentPostprocessing = 0;
		};
/* End PBXFrameworksBuildPhase section */

/* Begin PBXGroup section */
		8E048EAD1F6B5ABB00EF9613 = {
			isa = PBXGroup;
			children = (
				8E048EB81F6B5ABB00EF9613 /* avenue */,
				8E048EB71F6B5ABB00EF9613 /* Products */,
			);
			sourceTree = "<group>";
		};
		8E048EB71F6B5ABB00EF9613 /* Products */ = {
			isa = PBXGroup;
			children = (
				8E048EB61F6B5ABB00EF9613 /* avenue.app */,
			);
			name = Products;
			sourceTree = "<group>";
		};
		8E048EB81F6B5ABB00EF9613 /* avenue */ = {
			isa = PBXGroup;
			children = (
				8E048EB91F6B5ABB00EF9613 /* AppDelegate.swift */,
				8E048EBB1F6B5ABB00EF9613 /* ViewController.swift */,
				8E048EBD1F6B5ABB00EF9613 /* Main.storyboard */,
				8E048EC01F6B5ABB00EF9613 /* Assets.xcassets */,
				8E048EC21F6B5ABB00EF9613 /* LaunchScreen.storyboard */,
				8E048EC51F6B5ABB00EF9613 /* Info.plist */,
			);
			path = avenue;
			sourceTree = "<group>";
		};
/* End PBXGroup section */

/* Begin PBXNativeTarget section */
		8E048EB51F6B5ABB00EF9613 /* avenue */ = {
			isa = PBXNativeTarget;
			buildConfigurationList = 8E048EC81F6B5ABB00EF9613 /* Build configuration list for PBXNativeTarget "avenue" */;
			buildPhases = (
				8E048EB21F6B5ABB00EF9613 /* Sources */,
				8E048EB31F6B5ABB00EF9613 /* Frameworks */,
				8E048EB41F6B5ABB00EF9613 /* Resources */,
			);
			buildRules = (
			);
			dependencies = (
			);
			name = avenue;
			productName = avenue;
			productReference = 8E048EB61F6B5ABB00EF9613 /* avenue.app */;
			productType = "com.apple.product-type.application";
		};
/* End PBXNativeTarget section */

/* Begin PBXProject section */
		8E048EAE1F6B5ABB00EF9613 /* Project object */ = {
			isa = PBXProject;
			attributes = {
				LastSwiftUpdateCheck = 0900;
				LastUpgradeCheck = 0900;
				ORGANIZATIONNAME = "Artisan Branding";
				TargetAttributes = {
					8E048EB51F6B5ABB00EF9613 = {
						CreatedOnToolsVersion = 9.0;
					};
				};
			};
			buildConfigurationList = 8E048EB11F6B5ABB00EF9613 /* Build configuration list for PBXProject "avenue" */;
			compatibilityVersion = "Xcode 8.0";
			developmentRegion = en;
			hasScannedForEncodings = 0;
			knownRegions = (
				en,
				Base,
			);
			mainGroup = 8E048EAD1F6B5ABB00EF9613;
			productRefGroup = 8E048EB71F6B5ABB00EF9613 /* Products */;
			projectDirPath = "";
			projectRoot = "";
			targets = (
				8E048EB51F6B5ABB00EF9613 /* avenue */,
			);
		};
/* End PBXProject section */

/* Begin PBXResourcesBuildPhase section */
		8E048EB41F6B5ABB00EF9613 /* Resources */ = {
			isa = PBXResourcesBuildPhase;
			buildActionMask = 2147483647;
			files = (
				8E048EC41F6B5ABB00EF9613 /* LaunchScreen.storyboard in Resources */,
				8E048EC11F6B5ABB00EF9613 /* Assets.xcassets in Resources */,
				8E048EBF1F6B5ABB00EF9613 /* Main.storyboard in Resources */,
			);
			runOnlyForDeploymentPostprocessing = 0;
		};
/* End PBXResourcesBuildPhase section */

/* Begin PBXSourcesBuildPhase section */
		8E048EB21F6B5ABB00EF9613 /* Sources */ = {
			isa = PBXSourcesBuildPhase;
			buildActionMask = 2147483647;
			files = (
				8E048EBC1F6B5ABB00EF9613 /* ViewController.swift in Sources */,
				8E048EBA1F6B5ABB00EF9613 /* AppDelegate.swift in Sources */,
			);
			runOnlyForDeploymentPostprocessing = 0;
		};
/* End PBXSourcesBuildPhase section */

/* Begin PBXVariantGroup section */
		8E048EBD1F6B5ABB00EF9613 /* Main.storyboard */ = {
			isa = PBXVariantGroup;
			children = (
				8E048EBE1F6B5ABB00EF9613 /* Base */,
			);
			name = Main.storyboard;
			sourceTree = "<group>";
		};
		8E048EC21F6B5ABB00EF9613 /* LaunchScreen.storyboard */ = {
			isa = PBXVariantGroup;
			children = (
				8E048EC31F6B5ABB00EF9613 /* Base */,
			);
			name = LaunchScreen.storyboard;
			sourceTree = "<group>";
		};
/* End PBXVariantGroup section */

/* Begin XCBuildConfiguration section */
		8E048EC61F6B5ABB00EF9613 /* Debug */ = {
			isa = XCBuildConfiguration;
			buildSettings = {
				ALWAYS_SEARCH_USER_PATHS = NO;
				CLANG_ANALYZER_NONNULL = YES;
				CLANG_ANALYZER_NUMBER_OBJECT_CONVERSION = YES_AGGRESSIVE;
				CLANG_CXX_LANGUAGE_STANDARD = "gnu++14";
				CLANG_CXX_LIBRARY = "libc++";
				CLANG_ENABLE_MODULES = YES;
				CLANG_ENABLE_OBJC_ARC = YES;
				CLANG_WARN_BLOCK_CAPTURE_AUTORELEASING = YES;
				CLANG_WARN_BOOL_CONVERSION = YES;
				CLANG_WARN_COMMA = YES;
				CLANG_WARN_CONSTANT_CONVERSION = YES;
				CLANG_WARN_DIRECT_OBJC_ISA_USAGE = YES_ERROR;
				CLANG_WARN_DOCUMENTATION_COMMENTS = YES;
				CLANG_WARN_EMPTY_BODY = YES;
				CLANG_WARN_ENUM_CONVERSION = YES;
				CLANG_WARN_INFINITE_RECURSION = YES;
				CLANG_WARN_INT_CONVERSION = YES;
				CLANG_WARN_NON_LITERAL_NULL_CONVERSION = YES;
				CLANG_WARN_OBJC_LITERAL_CONVERSION = YES;
				CLANG_WARN_OBJC_ROOT_CLASS = YES_ERROR;
				CLANG_WARN_RANGE_LOOP_ANALYSIS = YES;
				CLANG_WARN_STRICT_PROTOTYPES = YES;
				CLANG_WARN_SUSPICIOUS_MOVE = YES;
				CLANG_WARN_UNGUARDED_AVAILABILITY = YES_AGGRESSIVE;
				CLANG_WARN_UNREACHABLE_CODE = YES;
				CLANG_WARN__DUPLICATE_METHOD_MATCH = YES;
				CODE_SIGN_IDENTITY = "iPhone Developer";
				COPY_PHASE_STRIP = NO;
				DEBUG_INFORMATION_FORMAT = dwarf;
				ENABLE_STRICT_OBJC_MSGSEND = YES;
				ENABLE_TESTABILITY = YES;
				GCC_C_LANGUAGE_STANDARD = gnu11;
				GCC_DYNAMIC_NO_PIC = NO;
				GCC_NO_COMMON_BLOCKS = YES;
				GCC_OPTIMIZATION_LEVEL = 0;
				GCC_PREPROCESSOR_DEFINITIONS = (
					"DEBUG=1",
					"$(inherited)",
				);
				GCC_WARN_64_TO_32_BIT_CONVERSION = YES;
				GCC_WARN_ABOUT_RETURN_TYPE = YES_ERROR;
				GCC_WARN_UNDECLARED_SELECTOR = YES;
				GCC_WARN_UNINITIALIZED_AUTOS = YES_AGGRESSIVE;
				GCC_WARN_UNUSED_FUNCTION = YES;
				GCC_WARN_UNUSED_VARIABLE = YES;
				IPHONEOS_DEPLOYMENT_TARGET = 11.0;
				MTL_ENABLE_DEBUG_INFO = YES;
				ONLY_ACTIVE_ARCH = YES;
				SDKROOT = iphoneos;
				SWIFT_ACTIVE_COMPILATION_CONDITIONS = DEBUG;
				SWIFT_OPTIMIZATION_LEVEL = "-Onone";
			};
			name = Debug;
		};
		8E048EC71F6B5ABB00EF9613 /* Release */ = {
			isa = XCBuildConfiguration;
			buildSettings = {
				ALWAYS_SEARCH_USER_PATHS = NO;
				CLANG_ANALYZER_NONNULL = YES;
				CLANG_ANALYZER_NUMBER_OBJECT_CONVERSION = YES_AGGRESSIVE;
				CLANG_CXX_LANGUAGE_STANDARD = "gnu++14";
				CLANG_CXX_LIBRARY = "libc++";
				CLANG_ENABLE_MODULES = YES;
				CLANG_ENABLE_OBJC_ARC = YES;
				CLANG_WARN_BLOCK_CAPTURE_AUTORELEASING = YES;
				CLANG_WARN_BOOL_CONVERSION = YES;
				CLANG_WARN_COMMA = YES;
				CLANG_WARN_CONSTANT_CONVERSION = YES;
				CLANG_WARN_DIRECT_OBJC_ISA_USAGE = YES_ERROR;
				CLANG_WARN_DOCUMENTATION_COMMENTS = YES;
				CLANG_WARN_EMPTY_BODY = YES;
				CLANG_WARN_ENUM_CONVERSION = YES;
				CLANG_WARN_INFINITE_RECURSION = YES;
				CLANG_WARN_INT_CONVERSION = YES;
				CLANG_WARN_NON_LITERAL_NULL_CONVERSION = YES;
				CLANG_WARN_OBJC_LITERAL_CONVERSION = YES;
				CLANG_WARN_OBJC_ROOT_CLASS = YES_ERROR;
				CLANG_WARN_RANGE_LOOP_ANALYSIS = YES;
				CLANG_WARN_STRICT_PROTOTYPES = YES;
				CLANG_WARN_SUSPICIOUS_MOVE = YES;
				CLANG_WARN_UNGUARDED_AVAILABILITY = YES_AGGRESSIVE;
				CLANG_WARN_UNREACHABLE_CODE = YES;
				CLANG_WARN__DUPLICATE_METHOD_MATCH = YES;
				CODE_SIGN_IDENTITY = "iPhone Developer";
				COPY_PHASE_STRIP = NO;
				DEBUG_INFORMATION_FORMAT = "dwarf-with-dsym";
				ENABLE_NS_ASSERTIONS = NO;
				ENABLE_STRICT_OBJC_MSGSEND = YES;
				GCC_C_LANGUAGE_STANDARD = gnu11;
				GCC_NO_COMMON_BLOCKS = YES;
				GCC_WARN_64_TO_32_BIT_CONVERSION = YES;
				GCC_WARN_ABOUT_RETURN_TYPE = YES_ERROR;
				GCC_WARN_UNDECLARED_SELECTOR = YES;
				GCC_WARN_UNINITIALIZED_AUTOS = YES_AGGRESSIVE;
				GCC_WARN_UNUSED_FUNCTION = YES;
				GCC_WARN_UNUSED_VARIABLE = YES;
				IPHONEOS_DEPLOYMENT_TARGET = 11.0;
				MTL_ENABLE_DEBUG_INFO = NO;
				SDKROOT = iphoneos;
				SWIFT_OPTIMIZATION_LEVEL = "-Owholemodule";
				VALIDATE_PRODUCT = YES;
			};
			name = Release;
		};
		8E048EC91F6B5ABB00EF9613 /* Debug */ = {
			isa = XCBuildConfiguration;
			buildSettings = {
				ASSETCATALOG_COMPILER_APPICON_NAME = AppIcon;
				DEVELOPMENT_TEAM = LR4SP9C264;
				INFOPLIST_FILE = avenue/Info.plist;
				LD_RUNPATH_SEARCH_PATHS = "$(inherited) @executable_path/Frameworks";
				PRODUCT_BUNDLE_IDENTIFIER = com.artisanbranding.com.avenue;
				PRODUCT_NAME = "$(TARGET_NAME)";
				SWIFT_VERSION = 4.0;
				TARGETED_DEVICE_FAMILY = "1,2";
			};
			name = Debug;
		};
		8E048ECA1F6B5ABB00EF9613 /* Release */ = {
			isa = XCBuildConfiguration;
			buildSettings = {
				ASSETCATALOG_COMPILER_APPICON_NAME = AppIcon;
				DEVELOPMENT_TEAM = LR4SP9C264;
				INFOPLIST_FILE = avenue/Info.plist;
				LD_RUNPATH_SEARCH_PATHS = "$(inherited) @executable_path/Frameworks";
				PRODUCT_BUNDLE_IDENTIFIER = com.artisanbranding.com.avenue;
				PRODUCT_NAME = "$(TARGET_NAME)";
				SWIFT_VERSION = 4.0;
				TARGETED_DEVICE_FAMILY = "1,2";
			};
			name = Release;
		};
/* End XCBuildConfiguration section */

/* Begin XCConfigurationList section */
		8E048EB11F6B5ABB00EF9613 /* Build configuration list for PBXProject "avenue" */ = {
			isa = XCConfigurationList;
			buildConfigurations = (
				8E048EC61F6B5ABB00EF9613 /* Debug */,
				8E048EC71F6B5ABB00EF9613 /* Release */,
			);
			defaultConfigurationIsVisible = 0;
			defaultConfigurationName = Release;
		};
		8E048EC81F6B5ABB00EF9613 /* Build configuration list for PBXNativeTarget "avenue" */ = {
			isa = XCConfigurationList;
			buildConfigurations = (
				8E048EC91F6B5ABB00EF9613 /* Debug */,
				8E048ECA1F6B5ABB00EF9613 /* Release */,
			);
			defaultConfigurationIsVisible = 0;
			defaultConfigurationName = Release;
		};
/* End XCConfigurationList section */
	};
	rootObject = 8E048EAE1F6B5ABB00EF9613 /* Project object */;
}
